{
  "version": 1,
  "dependencies": {
    "net10.0-windows7.0": {
      "DailyRoutines.CodeAnalysis": {
        "type": "Direct",
        "requested": "[2.4.0, )",
        "resolved": "2.4.0",
        "contentHash": "+G2MANDREROWvWMFQ3Ft+G0/zoDsNh3sQ4etCNysvC73JctGos6Wn4fvB//ZLCXOmxTsFDFD4q59yjSG28RvQA=="
      },
      "DotNet.ReproducibleBuilds": {
        "type": "Direct",
        "requested": "[1.2.39, )",
        "resolved": "1.2.39",
        "contentHash": "fcFN01tDTIQqDuTwr1jUQK/geofiwjG5DycJQOnC72i1SsLAk1ELe+apBOuZ11UMQG8YKFZG1FgvjZPbqHyatg=="
      }
    }
  }
}